
Microsoft Visual Studio Solution File, Format Version 12.00
# Visual Studio 15
VisualStudioVersion = 15.0.27004.2009
MinimumVisualStudioVersion = 10.0.40219.1
Project("{2150E333-8FDC-42A3-9474-1A3956D46DE8}") = "Common", "Common", "{B79C40E9-C30E-472C-9AAD-872AF8828B2C}"
EndProject
Project("{2150E333-8FDC-42A3-9474-1A3956D46DE8}") = "Model", "Model", "{52DF21D6-6F27-4B01-B2BD-6824DF44DF2F}"
EndProject
Project("{2150E333-8FDC-42A3-9474-1A3956D46DE8}") = "Data", "Data", "{EE2EBFF8-6716-4D86-B220-BB63CED60750}"
EndProject
Project("{2150E333-8FDC-42A3-9474-1A3956D46DE8}") = "Service", "Service", "{B9E6FFBA-FE0B-4494-9C63-33BF4B89E839}"
EndProject
Project("{2150E333-8FDC-42A3-9474-1A3956D46DE8}") = "WebApi", "WebApi", "{1872CF74-CB0B-4BBF-AAE1-5DB901C581AE}"
EndProject
Project("{2150E333-8FDC-42A3-9474-1A3956D46DE8}") = "UnitTest", "UnitTest", "{BCF5D647-711A-4229-B3D9-8545AEE73713}"
EndProject
Project("{FAE04EC0-301F-11D3-BF4B-00C04F79EFBC}") = "FShop.Common", "FShop.Common\FShop.Common.csproj", "{F593668C-0FFE-4E66-9445-BAA8841207F2}"
EndProject
Project("{FAE04EC0-301F-11D3-BF4B-00C04F79EFBC}") = "FShop.Data", "FShop.Data\FShop.Data.csproj", "{012C5C39-1FDF-4FCD-848C-DECC11298C41}"
EndProject
Project("{FAE04EC0-301F-11D3-BF4B-00C04F79EFBC}") = "FShop.Model", "FShop.Model\FShop.Model.csproj", "{0148B58A-25ED-4B11-95F6-1B582D709E1F}"
EndProject
Project("{FAE04EC0-301F-11D3-BF4B-00C04F79EFBC}") = "FShop.Service", "FShop.Service\FShop.Service.csproj", "{C767C3CB-8951-438F-BCDE-E28AA0CF344A}"
EndProject
Project("{FAE04EC0-301F-11D3-BF4B-00C04F79EFBC}") = "FShop.WebApi", "FShop.WebApi\FShop.WebApi.csproj", "{615023E5-7F91-4FE8-B202-3535255AF75A}"
EndProject
Global
	GlobalSection(SolutionConfigurationPlatforms) = preSolution
		Debug|Any CPU = Debug|Any CPU
		Release|Any CPU = Release|Any CPU
	EndGlobalSection
	GlobalSection(ProjectConfigurationPlatforms) = postSolution
		{F593668C-0FFE-4E66-9445-BAA8841207F2}.Debug|Any CPU.ActiveCfg = Debug|Any CPU
		{F593668C-0FFE-4E66-9445-BAA8841207F2}.Debug|Any CPU.Build.0 = Debug|Any CPU
		{F593668C-0FFE-4E66-9445-BAA8841207F2}.Release|Any CPU.ActiveCfg = Release|Any CPU
		{F593668C-0FFE-4E66-9445-BAA8841207F2}.Release|Any CPU.Build.0 = Release|Any CPU
		{012C5C39-1FDF-4FCD-848C-DECC11298C41}.Debug|Any CPU.ActiveCfg = Debug|Any CPU
		{012C5C39-1FDF-4FCD-848C-DECC11298C41}.Debug|Any CPU.Build.0 = Debug|Any CPU
		{012C5C39-1FDF-4FCD-848C-DECC11298C41}.Release|Any CPU.ActiveCfg = Release|Any CPU
		{012C5C39-1FDF-4FCD-848C-DECC11298C41}.Release|Any CPU.Build.0 = Release|Any CPU
		{0148B58A-25ED-4B11-95F6-1B582D709E1F}.Debug|Any CPU.ActiveCfg = Debug|Any CPU
		{0148B58A-25ED-4B11-95F6-1B582D709E1F}.Debug|Any CPU.Build.0 = Debug|Any CPU
		{0148B58A-25ED-4B11-95F6-1B582D709E1F}.Release|Any CPU.ActiveCfg = Release|Any CPU
		{0148B58A-25ED-4B11-95F6-1B582D709E1F}.Release|Any CPU.Build.0 = Release|Any CPU
		{C767C3CB-8951-438F-BCDE-E28AA0CF344A}.Debug|Any CPU.ActiveCfg = Debug|Any CPU
		{C767C3CB-8951-438F-BCDE-E28AA0CF344A}.Debug|Any CPU.Build.0 = Debug|Any CPU
		{C767C3CB-8951-438F-BCDE-E28AA0CF344A}.Release|Any CPU.ActiveCfg = Release|Any CPU
		{C767C3CB-8951-438F-BCDE-E28AA0CF344A}.Release|Any CPU.Build.0 = Release|Any CPU
		{615023E5-7F91-4FE8-B202-3535255AF75A}.Debug|Any CPU.ActiveCfg = Debug|Any CPU
		{615023E5-7F91-4FE8-B202-3535255AF75A}.Debug|Any CPU.Build.0 = Debug|Any CPU
		{615023E5-7F91-4FE8-B202-3535255AF75A}.Release|Any CPU.ActiveCfg = Release|Any CPU
		{615023E5-7F91-4FE8-B202-3535255AF75A}.Release|Any CPU.Build.0 = Release|Any CPU
	EndGlobalSection
	GlobalSection(SolutionProperties) = preSolution
		HideSolutionNode = FALSE
	EndGlobalSection
	GlobalSection(NestedProjects) = preSolution
		{F593668C-0FFE-4E66-9445-BAA8841207F2} = {B79C40E9-C30E-472C-9AAD-872AF8828B2C}
		{012C5C39-1FDF-4FCD-848C-DECC11298C41} = {EE2EBFF8-6716-4D86-B220-BB63CED60750}
		{0148B58A-25ED-4B11-95F6-1B582D709E1F} = {52DF21D6-6F27-4B01-B2BD-6824DF44DF2F}
		{C767C3CB-8951-438F-BCDE-E28AA0CF344A} = {B9E6FFBA-FE0B-4494-9C63-33BF4B89E839}
		{615023E5-7F91-4FE8-B202-3535255AF75A} = {1872CF74-CB0B-4BBF-AAE1-5DB901C581AE}
	EndGlobalSection
	GlobalSection(ExtensibilityGlobals) = postSolution
		SolutionGuid = {0745AC66-6562-4B0A-AB40-A99401284FA2}
	EndGlobalSection
EndGlobal
