
Microsoft Visual Studio Solution File, Format Version 12.00
# Visual Studio 15
VisualStudioVersion = 15.0.27130.2003
MinimumVisualStudioVersion = 10.0.40219.1
Project("{2150E333-8FDC-42A3-9474-1A3956D46DE8}") = "Common", "Common", "{B79C40E9-C30E-472C-9AAD-872AF8828B2C}"
EndProject
Project("{2150E333-8FDC-42A3-9474-1A3956D46DE8}") = "Entities", "Entities", "{52DF21D6-6F27-4B01-B2BD-6824DF44DF2F}"
EndProject
Project("{2150E333-8FDC-42A3-9474-1A3956D46DE8}") = "Data", "Data", "{EE2EBFF8-6716-4D86-B220-BB63CED60750}"
EndProject
Project("{2150E333-8FDC-42A3-9474-1A3956D46DE8}") = "Service", "Service", "{B9E6FFBA-FE0B-4494-9C63-33BF4B89E839}"
EndProject
Project("{2150E333-8FDC-42A3-9474-1A3956D46DE8}") = "WebApi", "WebApi", "{1872CF74-CB0B-4BBF-AAE1-5DB901C581AE}"
EndProject
Project("{2150E333-8FDC-42A3-9474-1A3956D46DE8}") = "UnitTest", "UnitTest", "{BCF5D647-711A-4229-B3D9-8545AEE73713}"
EndProject
Project("{FAE04EC0-301F-11D3-BF4B-00C04F79EFBC}") = "FShop.Common", "FShop.Common\FShop.Common.csproj", "{F593668C-0FFE-4E66-9445-BAA8841207F2}"
EndProject
Project("{FAE04EC0-301F-11D3-BF4B-00C04F79EFBC}") = "FShop.Data", "FShop.Data\FShop.Data.csproj", "{012C5C39-1FDF-4FCD-848C-DECC11298C41}"
EndProject
Project("{FAE04EC0-301F-11D3-BF4B-00C04F79EFBC}") = "FShop.Entities", "FShop.Model\FShop.Entities.csproj", "{0148B58A-25ED-4B11-95F6-1B582D709E1F}"
EndProject
Project("{FAE04EC0-301F-11D3-BF4B-00C04F79EFBC}") = "FShop.Service", "FShop.Service\FShop.Service.csproj", "{C767C3CB-8951-438F-BCDE-E28AA0CF344A}"
EndProject
Project("{2150E333-8FDC-42A3-9474-1A3956D46DE8}") = "LibResponse", "LibResponse", "{5B4E6FA8-BC4D-4B6C-A17A-E425A9A3CC5F}"
EndProject
Project("{FAE04EC0-301F-11D3-BF4B-00C04F79EFBC}") = "LibResponse", "LibResponse\LibResponse.csproj", "{F86E3693-160C-42AE-9AD3-309A61522FEE}"
EndProject
Project("{2150E333-8FDC-42A3-9474-1A3956D46DE8}") = "LibCommon", "LibCommon", "{103B1E12-2CC4-4DC6-8875-F6C02558BBDF}"
EndProject
Project("{FAE04EC0-301F-11D3-BF4B-00C04F79EFBC}") = "LibCommon", "LibCommon\LibCommon.csproj", "{9F128143-F373-4FE3-9896-C24C1DEA4189}"
EndProject
Project("{FAE04EC0-301F-11D3-BF4B-00C04F79EFBC}") = "FShop.Web", "FShop.Web\FShop.Web.csproj", "{593DA5CD-EB27-47A7-9DC9-54B1527D1ACE}"
EndProject
Global
	GlobalSection(SolutionConfigurationPlatforms) = preSolution
		Debug|Any CPU = Debug|Any CPU
		Release|Any CPU = Release|Any CPU
	EndGlobalSection
	GlobalSection(ProjectConfigurationPlatforms) = postSolution
		{F593668C-0FFE-4E66-9445-BAA8841207F2}.Debug|Any CPU.ActiveCfg = Debug|Any CPU
		{F593668C-0FFE-4E66-9445-BAA8841207F2}.Debug|Any CPU.Build.0 = Debug|Any CPU
		{F593668C-0FFE-4E66-9445-BAA8841207F2}.Release|Any CPU.ActiveCfg = Release|Any CPU
		{F593668C-0FFE-4E66-9445-BAA8841207F2}.Release|Any CPU.Build.0 = Release|Any CPU
		{012C5C39-1FDF-4FCD-848C-DECC11298C41}.Debug|Any CPU.ActiveCfg = Debug|Any CPU
		{012C5C39-1FDF-4FCD-848C-DECC11298C41}.Debug|Any CPU.Build.0 = Debug|Any CPU
		{012C5C39-1FDF-4FCD-848C-DECC11298C41}.Release|Any CPU.ActiveCfg = Release|Any CPU
		{012C5C39-1FDF-4FCD-848C-DECC11298C41}.Release|Any CPU.Build.0 = Release|Any CPU
		{0148B58A-25ED-4B11-95F6-1B582D709E1F}.Debug|Any CPU.ActiveCfg = Debug|Any CPU
		{0148B58A-25ED-4B11-95F6-1B582D709E1F}.Debug|Any CPU.Build.0 = Debug|Any CPU
		{0148B58A-25ED-4B11-95F6-1B582D709E1F}.Release|Any CPU.ActiveCfg = Release|Any CPU
		{0148B58A-25ED-4B11-95F6-1B582D709E1F}.Release|Any CPU.Build.0 = Release|Any CPU
		{C767C3CB-8951-438F-BCDE-E28AA0CF344A}.Debug|Any CPU.ActiveCfg = Debug|Any CPU
		{C767C3CB-8951-438F-BCDE-E28AA0CF344A}.Debug|Any CPU.Build.0 = Debug|Any CPU
		{C767C3CB-8951-438F-BCDE-E28AA0CF344A}.Release|Any CPU.ActiveCfg = Release|Any CPU
		{C767C3CB-8951-438F-BCDE-E28AA0CF344A}.Release|Any CPU.Build.0 = Release|Any CPU
		{F86E3693-160C-42AE-9AD3-309A61522FEE}.Debug|Any CPU.ActiveCfg = Debug|Any CPU
		{F86E3693-160C-42AE-9AD3-309A61522FEE}.Debug|Any CPU.Build.0 = Debug|Any CPU
		{F86E3693-160C-42AE-9AD3-309A61522FEE}.Release|Any CPU.ActiveCfg = Release|Any CPU
		{F86E3693-160C-42AE-9AD3-309A61522FEE}.Release|Any CPU.Build.0 = Release|Any CPU
		{9F128143-F373-4FE3-9896-C24C1DEA4189}.Debug|Any CPU.ActiveCfg = Debug|Any CPU
		{9F128143-F373-4FE3-9896-C24C1DEA4189}.Debug|Any CPU.Build.0 = Debug|Any CPU
		{9F128143-F373-4FE3-9896-C24C1DEA4189}.Release|Any CPU.ActiveCfg = Release|Any CPU
		{9F128143-F373-4FE3-9896-C24C1DEA4189}.Release|Any CPU.Build.0 = Release|Any CPU
		{593DA5CD-EB27-47A7-9DC9-54B1527D1ACE}.Debug|Any CPU.ActiveCfg = Debug|Any CPU
		{593DA5CD-EB27-47A7-9DC9-54B1527D1ACE}.Debug|Any CPU.Build.0 = Debug|Any CPU
		{593DA5CD-EB27-47A7-9DC9-54B1527D1ACE}.Release|Any CPU.ActiveCfg = Release|Any CPU
		{593DA5CD-EB27-47A7-9DC9-54B1527D1ACE}.Release|Any CPU.Build.0 = Release|Any CPU
	EndGlobalSection
	GlobalSection(SolutionProperties) = preSolution
		HideSolutionNode = FALSE
	EndGlobalSection
	GlobalSection(NestedProjects) = preSolution
		{F593668C-0FFE-4E66-9445-BAA8841207F2} = {B79C40E9-C30E-472C-9AAD-872AF8828B2C}
		{012C5C39-1FDF-4FCD-848C-DECC11298C41} = {EE2EBFF8-6716-4D86-B220-BB63CED60750}
		{0148B58A-25ED-4B11-95F6-1B582D709E1F} = {52DF21D6-6F27-4B01-B2BD-6824DF44DF2F}
		{C767C3CB-8951-438F-BCDE-E28AA0CF344A} = {B9E6FFBA-FE0B-4494-9C63-33BF4B89E839}
		{F86E3693-160C-42AE-9AD3-309A61522FEE} = {5B4E6FA8-BC4D-4B6C-A17A-E425A9A3CC5F}
		{9F128143-F373-4FE3-9896-C24C1DEA4189} = {103B1E12-2CC4-4DC6-8875-F6C02558BBDF}
		{593DA5CD-EB27-47A7-9DC9-54B1527D1ACE} = {1872CF74-CB0B-4BBF-AAE1-5DB901C581AE}
	EndGlobalSection
	GlobalSection(ExtensibilityGlobals) = postSolution
		SolutionGuid = {0745AC66-6562-4B0A-AB40-A99401284FA2}
	EndGlobalSection
EndGlobal
